
Microsoft Visual Studio Solution File, Format Version 12.00
# Visual Studio Version 17
VisualStudioVersion = 17.2.32505.173
MinimumVisualStudioVersion = 10.0.40219.1
Project("{F184B08F-C81C-45F6-A57F-5ABD9991F28F}") = "QLCHMT", "QLCHMT\QLCHMT.vbproj", "{AE3A1778-9798-451F-83C9-288366007BD8}"
EndProject
Global
	GlobalSection(SolutionConfigurationPlatforms) = preSolution
		Debug|Any CPU = Debug|Any CPU
		Release|Any CPU = Release|Any CPU
	EndGlobalSection
	GlobalSection(ProjectConfigurationPlatforms) = postSolution
		{AE3A1778-9798-451F-83C9-288366007BD8}.Debug|Any CPU.ActiveCfg = Debug|Any CPU
		{AE3A1778-9798-451F-83C9-288366007BD8}.Debug|Any CPU.Build.0 = Debug|Any CPU
		{AE3A1778-9798-451F-83C9-288366007BD8}.Release|Any CPU.ActiveCfg = Release|Any CPU
		{AE3A1778-9798-451F-83C9-288366007BD8}.Release|Any CPU.Build.0 = Release|Any CPU
	EndGlobalSection
	GlobalSection(SolutionProperties) = preSolution
		HideSolutionNode = FALSE
	EndGlobalSection
	GlobalSection(ExtensibilityGlobals) = postSolution
		SolutionGuid = {7C6C8CA3-AA7A-49B5-8969-763FAA1C23FE}
	EndGlobalSection
EndGlobal
